# Prisma Migrate lockfile v1

20200811085510-init
20200811091825-init
20200811094650-add-vote-model
20200811104343-add-trip-model
20200811104748-profile
20200811113153-init
20200821130522
20200821132534-food
20200821144424-category
20200822052821-food
20200822065752-json
20200822084335-category
20200822085123-location
20200822094949
20200822095009-variant
20200822095246-video
20200822095412-withchicken
20200822100924-variant
20200822103945-unpaid
20200822110608-j
20200822112907-variant
20200822132024-wallet
20200822132244-color